
Microsoft Visual Studio Solution File, Format Version 12.00
# Visual Studio Version 16
VisualStudioVersion = 16.0.30413.136
MinimumVisualStudioVersion = 10.0.40219.1
Project("{888888A0-9F3D-457C-B088-3A5042F75D52}") = "Booking form", "Booking form\Booking form.pyproj", "{B2E94362-74E7-46CB-BA44-CE232A98F979}"
EndProject
Global
	GlobalSection(SolutionConfigurationPlatforms) = preSolution
		Debug|Any CPU = Debug|Any CPU
		Release|Any CPU = Release|Any CPU
	EndGlobalSection
	GlobalSection(ProjectConfigurationPlatforms) = postSolution
		{B2E94362-74E7-46CB-BA44-CE232A98F979}.Debug|Any CPU.ActiveCfg = Debug|Any CPU
		{B2E94362-74E7-46CB-BA44-CE232A98F979}.Release|Any CPU.ActiveCfg = Release|Any CPU
	EndGlobalSection
	GlobalSection(SolutionProperties) = preSolution
		HideSolutionNode = FALSE
	EndGlobalSection
	GlobalSection(ExtensibilityGlobals) = postSolution
		SolutionGuid = {68FD2F0B-BF1F-4056-B95E-8A6DC297F467}
	EndGlobalSection
EndGlobal
